
Microsoft Visual Studio Solution File, Format Version 12.00
# Visual Studio Version 16
VisualStudioVersion = 16.0.29020.237
MinimumVisualStudioVersion = 10.0.40219.1
Project("{FAE04EC0-301F-11D3-BF4B-00C04F79EFBC}") = "Rasta.Web", "Rasta.Web\Rasta.Web.csproj", "{A5A5F780-A843-489E-95F8-013F5B16D4BD}"
EndProject
Project("{FAE04EC0-301F-11D3-BF4B-00C04F79EFBC}") = "Rasta.Common", "Rasta.Common\Rasta.Common.csproj", "{BB6A6514-9E22-4250-AD88-BA11B132BC19}"
EndProject
Project("{FAE04EC0-301F-11D3-BF4B-00C04F79EFBC}") = "Rasta.DataAccess", "Rasta.DataAccess\Rasta.DataAccess.csproj", "{A37E3734-7EF1-4F25-AC64-C091D491CE1D}"
EndProject
Project("{FAE04EC0-301F-11D3-BF4B-00C04F79EFBC}") = "Rasta.Domain", "Rasta.Domain\Rasta.Domain.csproj", "{EA6C5608-0887-473E-BFC4-320B300110EA}"
EndProject
Global
	GlobalSection(SolutionConfigurationPlatforms) = preSolution
		Debug|Any CPU = Debug|Any CPU
		Release|Any CPU = Release|Any CPU
	EndGlobalSection
	GlobalSection(ProjectConfigurationPlatforms) = postSolution
		{A5A5F780-A843-489E-95F8-013F5B16D4BD}.Debug|Any CPU.ActiveCfg = Debug|Any CPU
		{A5A5F780-A843-489E-95F8-013F5B16D4BD}.Debug|Any CPU.Build.0 = Debug|Any CPU
		{A5A5F780-A843-489E-95F8-013F5B16D4BD}.Release|Any CPU.ActiveCfg = Release|Any CPU
		{A5A5F780-A843-489E-95F8-013F5B16D4BD}.Release|Any CPU.Build.0 = Release|Any CPU
		{BB6A6514-9E22-4250-AD88-BA11B132BC19}.Debug|Any CPU.ActiveCfg = Debug|Any CPU
		{BB6A6514-9E22-4250-AD88-BA11B132BC19}.Debug|Any CPU.Build.0 = Debug|Any CPU
		{BB6A6514-9E22-4250-AD88-BA11B132BC19}.Release|Any CPU.ActiveCfg = Release|Any CPU
		{BB6A6514-9E22-4250-AD88-BA11B132BC19}.Release|Any CPU.Build.0 = Release|Any CPU
		{A37E3734-7EF1-4F25-AC64-C091D491CE1D}.Debug|Any CPU.ActiveCfg = Debug|Any CPU
		{A37E3734-7EF1-4F25-AC64-C091D491CE1D}.Debug|Any CPU.Build.0 = Debug|Any CPU
		{A37E3734-7EF1-4F25-AC64-C091D491CE1D}.Release|Any CPU.ActiveCfg = Release|Any CPU
		{A37E3734-7EF1-4F25-AC64-C091D491CE1D}.Release|Any CPU.Build.0 = Release|Any CPU
		{EA6C5608-0887-473E-BFC4-320B300110EA}.Debug|Any CPU.ActiveCfg = Debug|Any CPU
		{EA6C5608-0887-473E-BFC4-320B300110EA}.Debug|Any CPU.Build.0 = Debug|Any CPU
		{EA6C5608-0887-473E-BFC4-320B300110EA}.Release|Any CPU.ActiveCfg = Release|Any CPU
		{EA6C5608-0887-473E-BFC4-320B300110EA}.Release|Any CPU.Build.0 = Release|Any CPU
	EndGlobalSection
	GlobalSection(SolutionProperties) = preSolution
		HideSolutionNode = FALSE
	EndGlobalSection
	GlobalSection(ExtensibilityGlobals) = postSolution
		SolutionGuid = {CF624B0A-40C4-4634-ADEA-3EBA6A44A510}
	EndGlobalSection
EndGlobal
